
Microsoft Visual Studio Solution File, Format Version 12.00
# Visual Studio 15
VisualStudioVersion = 15.0.26730.10
MinimumVisualStudioVersion = 10.0.40219.1

Project("{6EC3EE1D-3C4E-46DD-8F32-0CC8E7565705}") = "fabulous_bonus", "fabulous_bonus\fabulous_bonus.fsproj", "{68C879BA-4A15-403B-A089-76BB69F8526B}"
EndProject

Project("{F2A71F9B-5D33-465A-A702-920D77279786}") = "fabulous_bonus.Android", "fabulous_bonus.Android\fabulous_bonus.Android.fsproj", "{7D3FDAD6-AC6A-42C5-9974-57D421FBA443}"
EndProject


Project("{F2A71F9B-5D33-465A-A702-920D77279786}") = "fabulous_bonus.iOS", "fabulous_bonus.iOS\fabulous_bonus.iOS.fsproj", "{0E78943F-7CA0-454B-A75A-C5DE8F5A964D}"
EndProject




Global
	GlobalSection(SolutionConfigurationPlatforms) = preSolution
		Ad-Hoc|Any CPU = Ad-Hoc|Any CPU
		Ad-Hoc|ARM = Ad-Hoc|ARM
		Ad-Hoc|iPhone = Ad-Hoc|iPhone
		Ad-Hoc|iPhoneSimulator = Ad-Hoc|iPhoneSimulator
		Ad-Hoc|x64 = Ad-Hoc|x64
		Ad-Hoc|x86 = Ad-Hoc|x86
		AppStore|Any CPU = AppStore|Any CPU
		AppStore|ARM = AppStore|ARM
		AppStore|iPhone = AppStore|iPhone
		AppStore|iPhoneSimulator = AppStore|iPhoneSimulator
		AppStore|x64 = AppStore|x64
		AppStore|x86 = AppStore|x86
		Debug|Any CPU = Debug|Any CPU
		Debug|ARM = Debug|ARM
		Debug|iPhone = Debug|iPhone
		Debug|iPhoneSimulator = Debug|iPhoneSimulator
		Debug|x64 = Debug|x64
		Debug|x86 = Debug|x86
		Release|Any CPU = Release|Any CPU
		Release|ARM = Release|ARM
		Release|iPhone = Release|iPhone
		Release|iPhoneSimulator = Release|iPhoneSimulator
		Release|x64 = Release|x64
		Release|x86 = Release|x86
	EndGlobalSection
	GlobalSection(ProjectConfigurationPlatforms) = postSolution
		{68C879BA-4A15-403B-A089-76BB69F8526B}.Ad-Hoc|Any CPU.ActiveCfg = Debug|Any CPU
		{68C879BA-4A15-403B-A089-76BB69F8526B}.Ad-Hoc|Any CPU.Build.0 = Debug|Any CPU
		{68C879BA-4A15-403B-A089-76BB69F8526B}.Ad-Hoc|ARM.ActiveCfg = Debug|Any CPU
		{68C879BA-4A15-403B-A089-76BB69F8526B}.Ad-Hoc|ARM.Build.0 = Debug|Any CPU
		{68C879BA-4A15-403B-A089-76BB69F8526B}.Ad-Hoc|iPhone.ActiveCfg = Debug|Any CPU
		{68C879BA-4A15-403B-A089-76BB69F8526B}.Ad-Hoc|iPhone.Build.0 = Debug|Any CPU
		{68C879BA-4A15-403B-A089-76BB69F8526B}.Ad-Hoc|iPhoneSimulator.ActiveCfg = Debug|Any CPU
		{68C879BA-4A15-403B-A089-76BB69F8526B}.Ad-Hoc|iPhoneSimulator.Build.0 = Debug|Any CPU
		{68C879BA-4A15-403B-A089-76BB69F8526B}.Ad-Hoc|x64.ActiveCfg = Debug|Any CPU
		{68C879BA-4A15-403B-A089-76BB69F8526B}.Ad-Hoc|x64.Build.0 = Debug|Any CPU
		{68C879BA-4A15-403B-A089-76BB69F8526B}.Ad-Hoc|x86.ActiveCfg = Debug|Any CPU
		{68C879BA-4A15-403B-A089-76BB69F8526B}.Ad-Hoc|x86.Build.0 = Debug|Any CPU
		{68C879BA-4A15-403B-A089-76BB69F8526B}.AppStore|Any CPU.ActiveCfg = Debug|Any CPU
		{68C879BA-4A15-403B-A089-76BB69F8526B}.AppStore|Any CPU.Build.0 = Debug|Any CPU
		{68C879BA-4A15-403B-A089-76BB69F8526B}.AppStore|ARM.ActiveCfg = Debug|Any CPU
		{68C879BA-4A15-403B-A089-76BB69F8526B}.AppStore|ARM.Build.0 = Debug|Any CPU
		{68C879BA-4A15-403B-A089-76BB69F8526B}.AppStore|iPhone.ActiveCfg = Debug|Any CPU
		{68C879BA-4A15-403B-A089-76BB69F8526B}.AppStore|iPhone.Build.0 = Debug|Any CPU
		{68C879BA-4A15-403B-A089-76BB69F8526B}.AppStore|iPhoneSimulator.ActiveCfg = Debug|Any CPU
		{68C879BA-4A15-403B-A089-76BB69F8526B}.AppStore|iPhoneSimulator.Build.0 = Debug|Any CPU
		{68C879BA-4A15-403B-A089-76BB69F8526B}.AppStore|x64.ActiveCfg = Debug|Any CPU
		{68C879BA-4A15-403B-A089-76BB69F8526B}.AppStore|x64.Build.0 = Debug|Any CPU
		{68C879BA-4A15-403B-A089-76BB69F8526B}.AppStore|x86.ActiveCfg = Debug|Any CPU
		{68C879BA-4A15-403B-A089-76BB69F8526B}.AppStore|x86.Build.0 = Debug|Any CPU
		{68C879BA-4A15-403B-A089-76BB69F8526B}.Debug|Any CPU.ActiveCfg = Debug|Any CPU
		{68C879BA-4A15-403B-A089-76BB69F8526B}.Debug|Any CPU.Build.0 = Debug|Any CPU
		{68C879BA-4A15-403B-A089-76BB69F8526B}.Debug|ARM.ActiveCfg = Debug|Any CPU
		{68C879BA-4A15-403B-A089-76BB69F8526B}.Debug|ARM.Build.0 = Debug|Any CPU
		{68C879BA-4A15-403B-A089-76BB69F8526B}.Debug|iPhone.ActiveCfg = Debug|Any CPU
		{68C879BA-4A15-403B-A089-76BB69F8526B}.Debug|iPhone.Build.0 = Debug|Any CPU
		{68C879BA-4A15-403B-A089-76BB69F8526B}.Debug|iPhoneSimulator.ActiveCfg = Debug|Any CPU
		{68C879BA-4A15-403B-A089-76BB69F8526B}.Debug|iPhoneSimulator.Build.0 = Debug|Any CPU
		{68C879BA-4A15-403B-A089-76BB69F8526B}.Debug|x64.ActiveCfg = Debug|Any CPU
		{68C879BA-4A15-403B-A089-76BB69F8526B}.Debug|x64.Build.0 = Debug|Any CPU
		{68C879BA-4A15-403B-A089-76BB69F8526B}.Debug|x86.ActiveCfg = Debug|Any CPU
		{68C879BA-4A15-403B-A089-76BB69F8526B}.Debug|x86.Build.0 = Debug|Any CPU
		{68C879BA-4A15-403B-A089-76BB69F8526B}.Release|Any CPU.ActiveCfg = Release|Any CPU
		{68C879BA-4A15-403B-A089-76BB69F8526B}.Release|Any CPU.Build.0 = Release|Any CPU
		{68C879BA-4A15-403B-A089-76BB69F8526B}.Release|ARM.ActiveCfg = Release|Any CPU
		{68C879BA-4A15-403B-A089-76BB69F8526B}.Release|ARM.Build.0 = Release|Any CPU
		{68C879BA-4A15-403B-A089-76BB69F8526B}.Release|iPhone.ActiveCfg = Release|Any CPU
		{68C879BA-4A15-403B-A089-76BB69F8526B}.Release|iPhone.Build.0 = Release|Any CPU
		{68C879BA-4A15-403B-A089-76BB69F8526B}.Release|iPhoneSimulator.ActiveCfg = Release|Any CPU
		{68C879BA-4A15-403B-A089-76BB69F8526B}.Release|iPhoneSimulator.Build.0 = Release|Any CPU
		{68C879BA-4A15-403B-A089-76BB69F8526B}.Release|x64.ActiveCfg = Release|Any CPU
		{68C879BA-4A15-403B-A089-76BB69F8526B}.Release|x64.Build.0 = Release|Any CPU
		{68C879BA-4A15-403B-A089-76BB69F8526B}.Release|x86.ActiveCfg = Release|Any CPU
		{68C879BA-4A15-403B-A089-76BB69F8526B}.Release|x86.Build.0 = Release|Any CPU
		{0E78943F-7CA0-454B-A75A-C5DE8F5A964D}.Ad-Hoc|Any CPU.ActiveCfg = Ad-Hoc|iPhone
		{0E78943F-7CA0-454B-A75A-C5DE8F5A964D}.Ad-Hoc|ARM.ActiveCfg = Ad-Hoc|iPhone
		{0E78943F-7CA0-454B-A75A-C5DE8F5A964D}.Ad-Hoc|iPhone.ActiveCfg = Ad-Hoc|iPhone
		{0E78943F-7CA0-454B-A75A-C5DE8F5A964D}.Ad-Hoc|iPhone.Build.0 = Ad-Hoc|iPhone
		{0E78943F-7CA0-454B-A75A-C5DE8F5A964D}.Ad-Hoc|iPhoneSimulator.ActiveCfg = Ad-Hoc|iPhoneSimulator
		{0E78943F-7CA0-454B-A75A-C5DE8F5A964D}.Ad-Hoc|iPhoneSimulator.Build.0 = Ad-Hoc|iPhoneSimulator
		{0E78943F-7CA0-454B-A75A-C5DE8F5A964D}.Ad-Hoc|x64.ActiveCfg = Ad-Hoc|iPhone
		{0E78943F-7CA0-454B-A75A-C5DE8F5A964D}.Ad-Hoc|x86.ActiveCfg = Ad-Hoc|iPhone
		{0E78943F-7CA0-454B-A75A-C5DE8F5A964D}.AppStore|Any CPU.ActiveCfg = AppStore|iPhone
		{0E78943F-7CA0-454B-A75A-C5DE8F5A964D}.AppStore|ARM.ActiveCfg = AppStore|iPhone
		{0E78943F-7CA0-454B-A75A-C5DE8F5A964D}.AppStore|iPhone.ActiveCfg = AppStore|iPhone
		{0E78943F-7CA0-454B-A75A-C5DE8F5A964D}.AppStore|iPhone.Build.0 = AppStore|iPhone
		{0E78943F-7CA0-454B-A75A-C5DE8F5A964D}.AppStore|iPhoneSimulator.ActiveCfg = AppStore|iPhoneSimulator
		{0E78943F-7CA0-454B-A75A-C5DE8F5A964D}.AppStore|iPhoneSimulator.Build.0 = AppStore|iPhoneSimulator
		{0E78943F-7CA0-454B-A75A-C5DE8F5A964D}.AppStore|x64.ActiveCfg = AppStore|iPhone
		{0E78943F-7CA0-454B-A75A-C5DE8F5A964D}.AppStore|x86.ActiveCfg = AppStore|iPhone
		{0E78943F-7CA0-454B-A75A-C5DE8F5A964D}.Debug|Any CPU.ActiveCfg = Debug|iPhone
		{0E78943F-7CA0-454B-A75A-C5DE8F5A964D}.Debug|ARM.ActiveCfg = Debug|iPhone
		{0E78943F-7CA0-454B-A75A-C5DE8F5A964D}.Debug|iPhone.ActiveCfg = Debug|iPhone
		{0E78943F-7CA0-454B-A75A-C5DE8F5A964D}.Debug|iPhone.Build.0 = Debug|iPhone
		{0E78943F-7CA0-454B-A75A-C5DE8F5A964D}.Debug|iPhoneSimulator.ActiveCfg = Debug|iPhoneSimulator
		{0E78943F-7CA0-454B-A75A-C5DE8F5A964D}.Debug|iPhoneSimulator.Build.0 = Debug|iPhoneSimulator
		{0E78943F-7CA0-454B-A75A-C5DE8F5A964D}.Debug|x64.ActiveCfg = Debug|iPhone
		{0E78943F-7CA0-454B-A75A-C5DE8F5A964D}.Debug|x86.ActiveCfg = Debug|iPhone
		{0E78943F-7CA0-454B-A75A-C5DE8F5A964D}.Release|Any CPU.ActiveCfg = Release|iPhone
		{0E78943F-7CA0-454B-A75A-C5DE8F5A964D}.Release|ARM.ActiveCfg = Release|iPhone
		{0E78943F-7CA0-454B-A75A-C5DE8F5A964D}.Release|iPhone.ActiveCfg = Release|iPhone
		{0E78943F-7CA0-454B-A75A-C5DE8F5A964D}.Release|iPhone.Build.0 = Release|iPhone
		{0E78943F-7CA0-454B-A75A-C5DE8F5A964D}.Release|iPhoneSimulator.ActiveCfg = Release|iPhoneSimulator
		{0E78943F-7CA0-454B-A75A-C5DE8F5A964D}.Release|iPhoneSimulator.Build.0 = Release|iPhoneSimulator
		{0E78943F-7CA0-454B-A75A-C5DE8F5A964D}.Release|x64.ActiveCfg = Release|iPhone
		{0E78943F-7CA0-454B-A75A-C5DE8F5A964D}.Release|x86.ActiveCfg = Release|iPhone
		{F3F5B68E-DBA3-4EAF-A92F-1722F28D9A48}.Ad-Hoc|Any CPU.ActiveCfg = Release|x86
		{F3F5B68E-DBA3-4EAF-A92F-1722F28D9A48}.Ad-Hoc|Any CPU.Build.0 = Release|x86
		{F3F5B68E-DBA3-4EAF-A92F-1722F28D9A48}.Ad-Hoc|Any CPU.Deploy.0 = Release|x86
		{F3F5B68E-DBA3-4EAF-A92F-1722F28D9A48}.Ad-Hoc|ARM.ActiveCfg = Release|ARM
		{F3F5B68E-DBA3-4EAF-A92F-1722F28D9A48}.Ad-Hoc|ARM.Build.0 = Release|ARM
		{F3F5B68E-DBA3-4EAF-A92F-1722F28D9A48}.Ad-Hoc|ARM.Deploy.0 = Release|ARM
		{F3F5B68E-DBA3-4EAF-A92F-1722F28D9A48}.Ad-Hoc|iPhone.ActiveCfg = Release|x86
		{F3F5B68E-DBA3-4EAF-A92F-1722F28D9A48}.Ad-Hoc|iPhone.Build.0 = Release|x86
		{F3F5B68E-DBA3-4EAF-A92F-1722F28D9A48}.Ad-Hoc|iPhone.Deploy.0 = Release|x86
		{F3F5B68E-DBA3-4EAF-A92F-1722F28D9A48}.Ad-Hoc|iPhoneSimulator.ActiveCfg = Release|x86
		{F3F5B68E-DBA3-4EAF-A92F-1722F28D9A48}.Ad-Hoc|iPhoneSimulator.Build.0 = Release|x86
		{F3F5B68E-DBA3-4EAF-A92F-1722F28D9A48}.Ad-Hoc|iPhoneSimulator.Deploy.0 = Release|x86
		{F3F5B68E-DBA3-4EAF-A92F-1722F28D9A48}.Ad-Hoc|x64.ActiveCfg = Release|x64
		{F3F5B68E-DBA3-4EAF-A92F-1722F28D9A48}.Ad-Hoc|x64.Build.0 = Release|x64
		{F3F5B68E-DBA3-4EAF-A92F-1722F28D9A48}.Ad-Hoc|x64.Deploy.0 = Release|x64
		{F3F5B68E-DBA3-4EAF-A92F-1722F28D9A48}.Ad-Hoc|x86.ActiveCfg = Release|x86
		{F3F5B68E-DBA3-4EAF-A92F-1722F28D9A48}.Ad-Hoc|x86.Build.0 = Release|x86
		{F3F5B68E-DBA3-4EAF-A92F-1722F28D9A48}.Ad-Hoc|x86.Deploy.0 = Release|x86
		{F3F5B68E-DBA3-4EAF-A92F-1722F28D9A48}.AppStore|Any CPU.ActiveCfg = Release|x86
		{F3F5B68E-DBA3-4EAF-A92F-1722F28D9A48}.AppStore|Any CPU.Build.0 = Release|x86
		{F3F5B68E-DBA3-4EAF-A92F-1722F28D9A48}.AppStore|Any CPU.Deploy.0 = Release|x86
		{F3F5B68E-DBA3-4EAF-A92F-1722F28D9A48}.AppStore|ARM.ActiveCfg = Release|ARM
		{F3F5B68E-DBA3-4EAF-A92F-1722F28D9A48}.AppStore|ARM.Build.0 = Release|ARM
		{F3F5B68E-DBA3-4EAF-A92F-1722F28D9A48}.AppStore|ARM.Deploy.0 = Release|ARM
		{F3F5B68E-DBA3-4EAF-A92F-1722F28D9A48}.AppStore|iPhone.ActiveCfg = Release|x86
		{F3F5B68E-DBA3-4EAF-A92F-1722F28D9A48}.AppStore|iPhone.Build.0 = Release|x86
		{F3F5B68E-DBA3-4EAF-A92F-1722F28D9A48}.AppStore|iPhone.Deploy.0 = Release|x86
		{F3F5B68E-DBA3-4EAF-A92F-1722F28D9A48}.AppStore|iPhoneSimulator.ActiveCfg = Release|x86
		{F3F5B68E-DBA3-4EAF-A92F-1722F28D9A48}.AppStore|iPhoneSimulator.Build.0 = Release|x86
		{F3F5B68E-DBA3-4EAF-A92F-1722F28D9A48}.AppStore|iPhoneSimulator.Deploy.0 = Release|x86
		{F3F5B68E-DBA3-4EAF-A92F-1722F28D9A48}.AppStore|x64.ActiveCfg = Release|x64
		{F3F5B68E-DBA3-4EAF-A92F-1722F28D9A48}.AppStore|x64.Build.0 = Release|x64
		{F3F5B68E-DBA3-4EAF-A92F-1722F28D9A48}.AppStore|x64.Deploy.0 = Release|x64
		{F3F5B68E-DBA3-4EAF-A92F-1722F28D9A48}.AppStore|x86.ActiveCfg = Release|x86
		{F3F5B68E-DBA3-4EAF-A92F-1722F28D9A48}.AppStore|x86.Build.0 = Release|x86
		{F3F5B68E-DBA3-4EAF-A92F-1722F28D9A48}.AppStore|x86.Deploy.0 = Release|x86
		{F3F5B68E-DBA3-4EAF-A92F-1722F28D9A48}.Debug|Any CPU.ActiveCfg = Debug|x86
		{F3F5B68E-DBA3-4EAF-A92F-1722F28D9A48}.Debug|ARM.ActiveCfg = Debug|ARM
		{F3F5B68E-DBA3-4EAF-A92F-1722F28D9A48}.Debug|ARM.Build.0 = Debug|ARM
		{F3F5B68E-DBA3-4EAF-A92F-1722F28D9A48}.Debug|ARM.Deploy.0 = Debug|ARM
		{F3F5B68E-DBA3-4EAF-A92F-1722F28D9A48}.Debug|iPhone.ActiveCfg = Debug|x86
		{F3F5B68E-DBA3-4EAF-A92F-1722F28D9A48}.Debug|iPhoneSimulator.ActiveCfg = Debug|x86
		{F3F5B68E-DBA3-4EAF-A92F-1722F28D9A48}.Debug|x64.ActiveCfg = Debug|x64
		{F3F5B68E-DBA3-4EAF-A92F-1722F28D9A48}.Debug|x64.Build.0 = Debug|x64
		{F3F5B68E-DBA3-4EAF-A92F-1722F28D9A48}.Debug|x64.Deploy.0 = Debug|x64
		{F3F5B68E-DBA3-4EAF-A92F-1722F28D9A48}.Debug|x86.ActiveCfg = Debug|x86
		{F3F5B68E-DBA3-4EAF-A92F-1722F28D9A48}.Debug|x86.Build.0 = Debug|x86
		{F3F5B68E-DBA3-4EAF-A92F-1722F28D9A48}.Debug|x86.Deploy.0 = Debug|x86
		{F3F5B68E-DBA3-4EAF-A92F-1722F28D9A48}.Release|Any CPU.ActiveCfg = Release|x86
		{F3F5B68E-DBA3-4EAF-A92F-1722F28D9A48}.Release|ARM.ActiveCfg = Release|ARM
		{F3F5B68E-DBA3-4EAF-A92F-1722F28D9A48}.Release|ARM.Build.0 = Release|ARM
		{F3F5B68E-DBA3-4EAF-A92F-1722F28D9A48}.Release|ARM.Deploy.0 = Release|ARM
		{F3F5B68E-DBA3-4EAF-A92F-1722F28D9A48}.Release|iPhone.ActiveCfg = Release|x86
		{F3F5B68E-DBA3-4EAF-A92F-1722F28D9A48}.Release|iPhoneSimulator.ActiveCfg = Release|x86
		{F3F5B68E-DBA3-4EAF-A92F-1722F28D9A48}.Release|x64.ActiveCfg = Release|x64
		{F3F5B68E-DBA3-4EAF-A92F-1722F28D9A48}.Release|x64.Build.0 = Release|x64
		{F3F5B68E-DBA3-4EAF-A92F-1722F28D9A48}.Release|x64.Deploy.0 = Release|x64
		{F3F5B68E-DBA3-4EAF-A92F-1722F28D9A48}.Release|x86.ActiveCfg = Release|x86
		{F3F5B68E-DBA3-4EAF-A92F-1722F28D9A48}.Release|x86.Build.0 = Release|x86
		{F3F5B68E-DBA3-4EAF-A92F-1722F28D9A48}.Release|x86.Deploy.0 = Release|x86
		{10EDC819-70B4-400F-B8F0-8C97C21A224B}.Ad-Hoc|Any CPU.ActiveCfg = Release|Any CPU
		{10EDC819-70B4-400F-B8F0-8C97C21A224B}.Ad-Hoc|Any CPU.Build.0 = Release|Any CPU
		{10EDC819-70B4-400F-B8F0-8C97C21A224B}.Ad-Hoc|ARM.ActiveCfg = Release|Any CPU
		{10EDC819-70B4-400F-B8F0-8C97C21A224B}.Ad-Hoc|ARM.Build.0 = Release|Any CPU
		{10EDC819-70B4-400F-B8F0-8C97C21A224B}.Ad-Hoc|iPhone.ActiveCfg = Release|Any CPU
		{10EDC819-70B4-400F-B8F0-8C97C21A224B}.Ad-Hoc|iPhone.Build.0 = Release|Any CPU
		{10EDC819-70B4-400F-B8F0-8C97C21A224B}.Ad-Hoc|iPhoneSimulator.ActiveCfg = Release|Any CPU
		{10EDC819-70B4-400F-B8F0-8C97C21A224B}.Ad-Hoc|iPhoneSimulator.Build.0 = Release|Any CPU
		{10EDC819-70B4-400F-B8F0-8C97C21A224B}.Ad-Hoc|x64.ActiveCfg = Release|Any CPU
		{10EDC819-70B4-400F-B8F0-8C97C21A224B}.Ad-Hoc|x64.Build.0 = Release|Any CPU
		{10EDC819-70B4-400F-B8F0-8C97C21A224B}.Ad-Hoc|x86.ActiveCfg = Release|Any CPU
		{10EDC819-70B4-400F-B8F0-8C97C21A224B}.Ad-Hoc|x86.Build.0 = Release|Any CPU
		{10EDC819-70B4-400F-B8F0-8C97C21A224B}.AppStore|Any CPU.ActiveCfg = Release|Any CPU
		{10EDC819-70B4-400F-B8F0-8C97C21A224B}.AppStore|Any CPU.Build.0 = Release|Any CPU
		{10EDC819-70B4-400F-B8F0-8C97C21A224B}.AppStore|ARM.ActiveCfg = Release|Any CPU
		{10EDC819-70B4-400F-B8F0-8C97C21A224B}.AppStore|ARM.Build.0 = Release|Any CPU
		{10EDC819-70B4-400F-B8F0-8C97C21A224B}.AppStore|iPhone.ActiveCfg = Release|Any CPU
		{10EDC819-70B4-400F-B8F0-8C97C21A224B}.AppStore|iPhone.Build.0 = Release|Any CPU
		{10EDC819-70B4-400F-B8F0-8C97C21A224B}.AppStore|iPhoneSimulator.ActiveCfg = Release|Any CPU
		{10EDC819-70B4-400F-B8F0-8C97C21A224B}.AppStore|iPhoneSimulator.Build.0 = Release|Any CPU
		{10EDC819-70B4-400F-B8F0-8C97C21A224B}.AppStore|x64.ActiveCfg = Release|Any CPU
		{10EDC819-70B4-400F-B8F0-8C97C21A224B}.AppStore|x64.Build.0 = Release|Any CPU
		{10EDC819-70B4-400F-B8F0-8C97C21A224B}.AppStore|x86.ActiveCfg = Release|Any CPU
		{10EDC819-70B4-400F-B8F0-8C97C21A224B}.AppStore|x86.Build.0 = Release|Any CPU
		{10EDC819-70B4-400F-B8F0-8C97C21A224B}.Debug|Any CPU.ActiveCfg = Debug|Any CPU
		{10EDC819-70B4-400F-B8F0-8C97C21A224B}.Debug|Any CPU.Build.0 = Debug|Any CPU
		{10EDC819-70B4-400F-B8F0-8C97C21A224B}.Debug|ARM.ActiveCfg = Debug|Any CPU
		{10EDC819-70B4-400F-B8F0-8C97C21A224B}.Debug|ARM.Build.0 = Debug|Any CPU
		{10EDC819-70B4-400F-B8F0-8C97C21A224B}.Debug|iPhone.ActiveCfg = Debug|Any CPU
		{10EDC819-70B4-400F-B8F0-8C97C21A224B}.Debug|iPhone.Build.0 = Debug|Any CPU
		{10EDC819-70B4-400F-B8F0-8C97C21A224B}.Debug|iPhoneSimulator.ActiveCfg = Debug|Any CPU
		{10EDC819-70B4-400F-B8F0-8C97C21A224B}.Debug|iPhoneSimulator.Build.0 = Debug|Any CPU
		{10EDC819-70B4-400F-B8F0-8C97C21A224B}.Debug|x64.ActiveCfg = Debug|Any CPU
		{10EDC819-70B4-400F-B8F0-8C97C21A224B}.Debug|x64.Build.0 = Debug|Any CPU
		{10EDC819-70B4-400F-B8F0-8C97C21A224B}.Debug|x86.ActiveCfg = Debug|Any CPU
		{10EDC819-70B4-400F-B8F0-8C97C21A224B}.Debug|x86.Build.0 = Debug|Any CPU
		{10EDC819-70B4-400F-B8F0-8C97C21A224B}.Release|Any CPU.ActiveCfg = Release|Any CPU
		{10EDC819-70B4-400F-B8F0-8C97C21A224B}.Release|Any CPU.Build.0 = Release|Any CPU
		{10EDC819-70B4-400F-B8F0-8C97C21A224B}.Release|ARM.ActiveCfg = Release|Any CPU
		{10EDC819-70B4-400F-B8F0-8C97C21A224B}.Release|ARM.Build.0 = Release|Any CPU
		{10EDC819-70B4-400F-B8F0-8C97C21A224B}.Release|iPhone.ActiveCfg = Release|Any CPU
		{10EDC819-70B4-400F-B8F0-8C97C21A224B}.Release|iPhone.Build.0 = Release|Any CPU
		{10EDC819-70B4-400F-B8F0-8C97C21A224B}.Release|iPhoneSimulator.ActiveCfg = Release|Any CPU
		{10EDC819-70B4-400F-B8F0-8C97C21A224B}.Release|iPhoneSimulator.Build.0 = Release|Any CPU
		{10EDC819-70B4-400F-B8F0-8C97C21A224B}.Release|x64.ActiveCfg = Release|Any CPU
		{10EDC819-70B4-400F-B8F0-8C97C21A224B}.Release|x64.Build.0 = Release|Any CPU
		{10EDC819-70B4-400F-B8F0-8C97C21A224B}.Release|x86.ActiveCfg = Release|Any CPU
		{10EDC819-70B4-400F-B8F0-8C97C21A224B}.Release|x86.Build.0 = Release|Any CPU
		{BFBC9C68-0986-400C-980D-C8FEE2A3E0E3}.Ad-Hoc|Any CPU.ActiveCfg = Release|Any CPU
		{BFBC9C68-0986-400C-980D-C8FEE2A3E0E3}.Ad-Hoc|Any CPU.Build.0 = Release|Any CPU
		{BFBC9C68-0986-400C-980D-C8FEE2A3E0E3}.Ad-Hoc|ARM.ActiveCfg = Release|Any CPU
		{BFBC9C68-0986-400C-980D-C8FEE2A3E0E3}.Ad-Hoc|ARM.Build.0 = Release|Any CPU
		{BFBC9C68-0986-400C-980D-C8FEE2A3E0E3}.Ad-Hoc|iPhone.ActiveCfg = Release|Any CPU
		{BFBC9C68-0986-400C-980D-C8FEE2A3E0E3}.Ad-Hoc|iPhone.Build.0 = Release|Any CPU
		{BFBC9C68-0986-400C-980D-C8FEE2A3E0E3}.Ad-Hoc|iPhoneSimulator.ActiveCfg = Release|Any CPU
		{BFBC9C68-0986-400C-980D-C8FEE2A3E0E3}.Ad-Hoc|iPhoneSimulator.Build.0 = Release|Any CPU
		{BFBC9C68-0986-400C-980D-C8FEE2A3E0E3}.Ad-Hoc|x64.ActiveCfg = Release|Any CPU
		{BFBC9C68-0986-400C-980D-C8FEE2A3E0E3}.Ad-Hoc|x64.Build.0 = Release|Any CPU
		{BFBC9C68-0986-400C-980D-C8FEE2A3E0E3}.Ad-Hoc|x86.ActiveCfg = Release|Any CPU
		{BFBC9C68-0986-400C-980D-C8FEE2A3E0E3}.Ad-Hoc|x86.Build.0 = Release|Any CPU
		{BFBC9C68-0986-400C-980D-C8FEE2A3E0E3}.AppStore|Any CPU.ActiveCfg = Release|Any CPU
		{BFBC9C68-0986-400C-980D-C8FEE2A3E0E3}.AppStore|Any CPU.Build.0 = Release|Any CPU
		{BFBC9C68-0986-400C-980D-C8FEE2A3E0E3}.AppStore|ARM.ActiveCfg = Release|Any CPU
		{BFBC9C68-0986-400C-980D-C8FEE2A3E0E3}.AppStore|ARM.Build.0 = Release|Any CPU
		{BFBC9C68-0986-400C-980D-C8FEE2A3E0E3}.AppStore|iPhone.ActiveCfg = Release|Any CPU
		{BFBC9C68-0986-400C-980D-C8FEE2A3E0E3}.AppStore|iPhone.Build.0 = Release|Any CPU
		{BFBC9C68-0986-400C-980D-C8FEE2A3E0E3}.AppStore|iPhoneSimulator.ActiveCfg = Release|Any CPU
		{BFBC9C68-0986-400C-980D-C8FEE2A3E0E3}.AppStore|iPhoneSimulator.Build.0 = Release|Any CPU
		{BFBC9C68-0986-400C-980D-C8FEE2A3E0E3}.AppStore|x64.ActiveCfg = Release|Any CPU
		{BFBC9C68-0986-400C-980D-C8FEE2A3E0E3}.AppStore|x64.Build.0 = Release|Any CPU
		{BFBC9C68-0986-400C-980D-C8FEE2A3E0E3}.AppStore|x86.ActiveCfg = Release|Any CPU
		{BFBC9C68-0986-400C-980D-C8FEE2A3E0E3}.AppStore|x86.Build.0 = Release|Any CPU
		{BFBC9C68-0986-400C-980D-C8FEE2A3E0E3}.Debug|Any CPU.ActiveCfg = Debug|Any CPU
		{BFBC9C68-0986-400C-980D-C8FEE2A3E0E3}.Debug|Any CPU.Build.0 = Debug|Any CPU
		{BFBC9C68-0986-400C-980D-C8FEE2A3E0E3}.Debug|ARM.ActiveCfg = Debug|Any CPU
		{BFBC9C68-0986-400C-980D-C8FEE2A3E0E3}.Debug|ARM.Build.0 = Debug|Any CPU
		{BFBC9C68-0986-400C-980D-C8FEE2A3E0E3}.Debug|iPhone.ActiveCfg = Debug|Any CPU
		{BFBC9C68-0986-400C-980D-C8FEE2A3E0E3}.Debug|iPhone.Build.0 = Debug|Any CPU
		{BFBC9C68-0986-400C-980D-C8FEE2A3E0E3}.Debug|iPhoneSimulator.ActiveCfg = Debug|Any CPU
		{BFBC9C68-0986-400C-980D-C8FEE2A3E0E3}.Debug|iPhoneSimulator.Build.0 = Debug|Any CPU
		{BFBC9C68-0986-400C-980D-C8FEE2A3E0E3}.Debug|x64.ActiveCfg = Debug|Any CPU
		{BFBC9C68-0986-400C-980D-C8FEE2A3E0E3}.Debug|x64.Build.0 = Debug|Any CPU
		{BFBC9C68-0986-400C-980D-C8FEE2A3E0E3}.Debug|x86.ActiveCfg = Debug|Any CPU
		{BFBC9C68-0986-400C-980D-C8FEE2A3E0E3}.Debug|x86.Build.0 = Debug|Any CPU
		{BFBC9C68-0986-400C-980D-C8FEE2A3E0E3}.Release|Any CPU.ActiveCfg = Release|Any CPU
		{BFBC9C68-0986-400C-980D-C8FEE2A3E0E3}.Release|Any CPU.Build.0 = Release|Any CPU
		{BFBC9C68-0986-400C-980D-C8FEE2A3E0E3}.Release|ARM.ActiveCfg = Release|Any CPU
		{BFBC9C68-0986-400C-980D-C8FEE2A3E0E3}.Release|ARM.Build.0 = Release|Any CPU
		{BFBC9C68-0986-400C-980D-C8FEE2A3E0E3}.Release|iPhone.ActiveCfg = Release|Any CPU
		{BFBC9C68-0986-400C-980D-C8FEE2A3E0E3}.Release|iPhone.Build.0 = Release|Any CPU
		{BFBC9C68-0986-400C-980D-C8FEE2A3E0E3}.Release|iPhoneSimulator.ActiveCfg = Release|Any CPU
		{BFBC9C68-0986-400C-980D-C8FEE2A3E0E3}.Release|iPhoneSimulator.Build.0 = Release|Any CPU
		{BFBC9C68-0986-400C-980D-C8FEE2A3E0E3}.Release|x64.ActiveCfg = Release|Any CPU
		{BFBC9C68-0986-400C-980D-C8FEE2A3E0E3}.Release|x64.Build.0 = Release|Any CPU
		{BFBC9C68-0986-400C-980D-C8FEE2A3E0E3}.Release|x86.ActiveCfg = Release|Any CPU
		{BFBC9C68-0986-400C-980D-C8FEE2A3E0E3}.Release|x86.Build.0 = Release|Any CPU
		{7D3FDAD6-AC6A-42C5-9974-57D421FBA443}.Ad-Hoc|Any CPU.ActiveCfg = Release|Any CPU
		{7D3FDAD6-AC6A-42C5-9974-57D421FBA443}.Ad-Hoc|Any CPU.Build.0 = Release|Any CPU
		{7D3FDAD6-AC6A-42C5-9974-57D421FBA443}.Ad-Hoc|ARM.ActiveCfg = Release|Any CPU
		{7D3FDAD6-AC6A-42C5-9974-57D421FBA443}.Ad-Hoc|ARM.Build.0 = Release|Any CPU
		{7D3FDAD6-AC6A-42C5-9974-57D421FBA443}.Ad-Hoc|iPhone.ActiveCfg = Release|Any CPU
		{7D3FDAD6-AC6A-42C5-9974-57D421FBA443}.Ad-Hoc|iPhone.Build.0 = Release|Any CPU
		{7D3FDAD6-AC6A-42C5-9974-57D421FBA443}.Ad-Hoc|iPhoneSimulator.ActiveCfg = Release|Any CPU
		{7D3FDAD6-AC6A-42C5-9974-57D421FBA443}.Ad-Hoc|iPhoneSimulator.Build.0 = Release|Any CPU
		{7D3FDAD6-AC6A-42C5-9974-57D421FBA443}.Ad-Hoc|x64.ActiveCfg = Release|Any CPU
		{7D3FDAD6-AC6A-42C5-9974-57D421FBA443}.Ad-Hoc|x64.Build.0 = Release|Any CPU
		{7D3FDAD6-AC6A-42C5-9974-57D421FBA443}.Ad-Hoc|x86.ActiveCfg = Release|Any CPU
		{7D3FDAD6-AC6A-42C5-9974-57D421FBA443}.Ad-Hoc|x86.Build.0 = Release|Any CPU
		{7D3FDAD6-AC6A-42C5-9974-57D421FBA443}.AppStore|Any CPU.ActiveCfg = Release|Any CPU
		{7D3FDAD6-AC6A-42C5-9974-57D421FBA443}.AppStore|Any CPU.Build.0 = Release|Any CPU
		{7D3FDAD6-AC6A-42C5-9974-57D421FBA443}.AppStore|ARM.ActiveCfg = Release|Any CPU
		{7D3FDAD6-AC6A-42C5-9974-57D421FBA443}.AppStore|ARM.Build.0 = Release|Any CPU
		{7D3FDAD6-AC6A-42C5-9974-57D421FBA443}.AppStore|iPhone.ActiveCfg = Release|Any CPU
		{7D3FDAD6-AC6A-42C5-9974-57D421FBA443}.AppStore|iPhone.Build.0 = Release|Any CPU
		{7D3FDAD6-AC6A-42C5-9974-57D421FBA443}.AppStore|iPhoneSimulator.ActiveCfg = Release|Any CPU
		{7D3FDAD6-AC6A-42C5-9974-57D421FBA443}.AppStore|iPhoneSimulator.Build.0 = Release|Any CPU
		{7D3FDAD6-AC6A-42C5-9974-57D421FBA443}.AppStore|x64.ActiveCfg = Release|Any CPU
		{7D3FDAD6-AC6A-42C5-9974-57D421FBA443}.AppStore|x64.Build.0 = Release|Any CPU
		{7D3FDAD6-AC6A-42C5-9974-57D421FBA443}.AppStore|x86.ActiveCfg = Release|Any CPU
		{7D3FDAD6-AC6A-42C5-9974-57D421FBA443}.AppStore|x86.Build.0 = Release|Any CPU
		{7D3FDAD6-AC6A-42C5-9974-57D421FBA443}.Debug|Any CPU.ActiveCfg = Debug|Any CPU
		{7D3FDAD6-AC6A-42C5-9974-57D421FBA443}.Debug|Any CPU.Build.0 = Debug|Any CPU
		{7D3FDAD6-AC6A-42C5-9974-57D421FBA443}.Debug|Any CPU.Deploy.0 = Debug|Any CPU
		{7D3FDAD6-AC6A-42C5-9974-57D421FBA443}.Debug|ARM.ActiveCfg = Debug|Any CPU
		{7D3FDAD6-AC6A-42C5-9974-57D421FBA443}.Debug|ARM.Build.0 = Debug|Any CPU
		{7D3FDAD6-AC6A-42C5-9974-57D421FBA443}.Debug|iPhone.ActiveCfg = Debug|Any CPU
		{7D3FDAD6-AC6A-42C5-9974-57D421FBA443}.Debug|iPhone.Build.0 = Debug|Any CPU
		{7D3FDAD6-AC6A-42C5-9974-57D421FBA443}.Debug|iPhoneSimulator.ActiveCfg = Debug|Any CPU
		{7D3FDAD6-AC6A-42C5-9974-57D421FBA443}.Debug|iPhoneSimulator.Build.0 = Debug|Any CPU
		{7D3FDAD6-AC6A-42C5-9974-57D421FBA443}.Debug|x64.ActiveCfg = Debug|Any CPU
		{7D3FDAD6-AC6A-42C5-9974-57D421FBA443}.Debug|x64.Build.0 = Debug|Any CPU
		{7D3FDAD6-AC6A-42C5-9974-57D421FBA443}.Debug|x86.ActiveCfg = Debug|Any CPU
		{7D3FDAD6-AC6A-42C5-9974-57D421FBA443}.Debug|x86.Build.0 = Debug|Any CPU
		{7D3FDAD6-AC6A-42C5-9974-57D421FBA443}.Release|Any CPU.ActiveCfg = Release|Any CPU
		{7D3FDAD6-AC6A-42C5-9974-57D421FBA443}.Release|Any CPU.Build.0 = Release|Any CPU
		{7D3FDAD6-AC6A-42C5-9974-57D421FBA443}.Release|Any CPU.Deploy.0 = Release|Any CPU
		{7D3FDAD6-AC6A-42C5-9974-57D421FBA443}.Release|ARM.ActiveCfg = Release|Any CPU
		{7D3FDAD6-AC6A-42C5-9974-57D421FBA443}.Release|ARM.Build.0 = Release|Any CPU
		{7D3FDAD6-AC6A-42C5-9974-57D421FBA443}.Release|iPhone.ActiveCfg = Release|Any CPU
		{7D3FDAD6-AC6A-42C5-9974-57D421FBA443}.Release|iPhone.Build.0 = Release|Any CPU
		{7D3FDAD6-AC6A-42C5-9974-57D421FBA443}.Release|iPhoneSimulator.ActiveCfg = Release|Any CPU
		{7D3FDAD6-AC6A-42C5-9974-57D421FBA443}.Release|iPhoneSimulator.Build.0 = Release|Any CPU
		{7D3FDAD6-AC6A-42C5-9974-57D421FBA443}.Release|x64.ActiveCfg = Release|Any CPU
		{7D3FDAD6-AC6A-42C5-9974-57D421FBA443}.Release|x64.Build.0 = Release|Any CPU
		{7D3FDAD6-AC6A-42C5-9974-57D421FBA443}.Release|x86.ActiveCfg = Release|Any CPU
		{7D3FDAD6-AC6A-42C5-9974-57D421FBA443}.Release|x86.Build.0 = Release|Any CPU
		{CECE8BEF-2F21-4574-8535-87DE85D3BA1E}.Ad-Hoc|Any CPU.ActiveCfg = Release|Any CPU
		{CECE8BEF-2F21-4574-8535-87DE85D3BA1E}.Ad-Hoc|Any CPU.Build.0 = Release|Any CPU
		{CECE8BEF-2F21-4574-8535-87DE85D3BA1E}.Ad-Hoc|ARM.ActiveCfg = Release|Any CPU
		{CECE8BEF-2F21-4574-8535-87DE85D3BA1E}.Ad-Hoc|ARM.Build.0 = Release|Any CPU
		{CECE8BEF-2F21-4574-8535-87DE85D3BA1E}.Ad-Hoc|iPhone.ActiveCfg = Release|Any CPU
		{CECE8BEF-2F21-4574-8535-87DE85D3BA1E}.Ad-Hoc|iPhone.Build.0 = Release|Any CPU
		{CECE8BEF-2F21-4574-8535-87DE85D3BA1E}.Ad-Hoc|iPhoneSimulator.ActiveCfg = Release|Any CPU
		{CECE8BEF-2F21-4574-8535-87DE85D3BA1E}.Ad-Hoc|iPhoneSimulator.Build.0 = Release|Any CPU
		{CECE8BEF-2F21-4574-8535-87DE85D3BA1E}.Ad-Hoc|x64.ActiveCfg = Release|Any CPU
		{CECE8BEF-2F21-4574-8535-87DE85D3BA1E}.Ad-Hoc|x64.Build.0 = Release|Any CPU
		{CECE8BEF-2F21-4574-8535-87DE85D3BA1E}.Ad-Hoc|x86.ActiveCfg = Release|Any CPU
		{CECE8BEF-2F21-4574-8535-87DE85D3BA1E}.Ad-Hoc|x86.Build.0 = Release|Any CPU
		{CECE8BEF-2F21-4574-8535-87DE85D3BA1E}.AppStore|Any CPU.ActiveCfg = Release|Any CPU
		{CECE8BEF-2F21-4574-8535-87DE85D3BA1E}.AppStore|Any CPU.Build.0 = Release|Any CPU
		{CECE8BEF-2F21-4574-8535-87DE85D3BA1E}.AppStore|ARM.ActiveCfg = Release|Any CPU
		{CECE8BEF-2F21-4574-8535-87DE85D3BA1E}.AppStore|ARM.Build.0 = Release|Any CPU
		{CECE8BEF-2F21-4574-8535-87DE85D3BA1E}.AppStore|iPhone.ActiveCfg = Release|Any CPU
		{CECE8BEF-2F21-4574-8535-87DE85D3BA1E}.AppStore|iPhone.Build.0 = Release|Any CPU
		{CECE8BEF-2F21-4574-8535-87DE85D3BA1E}.AppStore|iPhoneSimulator.ActiveCfg = Release|Any CPU
		{CECE8BEF-2F21-4574-8535-87DE85D3BA1E}.AppStore|iPhoneSimulator.Build.0 = Release|Any CPU
		{CECE8BEF-2F21-4574-8535-87DE85D3BA1E}.AppStore|x64.ActiveCfg = Release|Any CPU
		{CECE8BEF-2F21-4574-8535-87DE85D3BA1E}.AppStore|x64.Build.0 = Release|Any CPU
		{CECE8BEF-2F21-4574-8535-87DE85D3BA1E}.AppStore|x86.ActiveCfg = Release|Any CPU
		{CECE8BEF-2F21-4574-8535-87DE85D3BA1E}.AppStore|x86.Build.0 = Release|Any CPU
		{CECE8BEF-2F21-4574-8535-87DE85D3BA1E}.Debug|Any CPU.ActiveCfg = Debug|Any CPU
		{CECE8BEF-2F21-4574-8535-87DE85D3BA1E}.Debug|Any CPU.Build.0 = Debug|Any CPU
		{CECE8BEF-2F21-4574-8535-87DE85D3BA1E}.Debug|ARM.ActiveCfg = Debug|Any CPU
		{CECE8BEF-2F21-4574-8535-87DE85D3BA1E}.Debug|ARM.Build.0 = Debug|Any CPU
		{CECE8BEF-2F21-4574-8535-87DE85D3BA1E}.Debug|iPhone.ActiveCfg = Debug|Any CPU
		{CECE8BEF-2F21-4574-8535-87DE85D3BA1E}.Debug|iPhone.Build.0 = Debug|Any CPU
		{CECE8BEF-2F21-4574-8535-87DE85D3BA1E}.Debug|iPhoneSimulator.ActiveCfg = Debug|Any CPU
		{CECE8BEF-2F21-4574-8535-87DE85D3BA1E}.Debug|iPhoneSimulator.Build.0 = Debug|Any CPU
		{CECE8BEF-2F21-4574-8535-87DE85D3BA1E}.Debug|x64.ActiveCfg = Debug|Any CPU
		{CECE8BEF-2F21-4574-8535-87DE85D3BA1E}.Debug|x64.Build.0 = Debug|Any CPU
		{CECE8BEF-2F21-4574-8535-87DE85D3BA1E}.Debug|x86.ActiveCfg = Debug|Any CPU
		{CECE8BEF-2F21-4574-8535-87DE85D3BA1E}.Debug|x86.Build.0 = Debug|Any CPU
		{CECE8BEF-2F21-4574-8535-87DE85D3BA1E}.Release|Any CPU.ActiveCfg = Release|Any CPU
		{CECE8BEF-2F21-4574-8535-87DE85D3BA1E}.Release|Any CPU.Build.0 = Release|Any CPU
		{CECE8BEF-2F21-4574-8535-87DE85D3BA1E}.Release|ARM.ActiveCfg = Release|Any CPU
		{CECE8BEF-2F21-4574-8535-87DE85D3BA1E}.Release|ARM.Build.0 = Release|Any CPU
		{CECE8BEF-2F21-4574-8535-87DE85D3BA1E}.Release|iPhone.ActiveCfg = Release|Any CPU
		{CECE8BEF-2F21-4574-8535-87DE85D3BA1E}.Release|iPhone.Build.0 = Release|Any CPU
		{CECE8BEF-2F21-4574-8535-87DE85D3BA1E}.Release|iPhoneSimulator.ActiveCfg = Release|Any CPU
		{CECE8BEF-2F21-4574-8535-87DE85D3BA1E}.Release|iPhoneSimulator.Build.0 = Release|Any CPU
		{CECE8BEF-2F21-4574-8535-87DE85D3BA1E}.Release|x64.ActiveCfg = Release|Any CPU
		{CECE8BEF-2F21-4574-8535-87DE85D3BA1E}.Release|x64.Build.0 = Release|Any CPU
		{CECE8BEF-2F21-4574-8535-87DE85D3BA1E}.Release|x86.ActiveCfg = Release|Any CPU
		{CECE8BEF-2F21-4574-8535-87DE85D3BA1E}.Release|x86.Build.0 = Release|Any CPU
		{31002B89-1EAA-469B-B496-174168B4BC58}.Ad-Hoc|Any CPU.ActiveCfg = Release|x64
		{31002B89-1EAA-469B-B496-174168B4BC58}.Ad-Hoc|Any CPU.Build.0 = Release|x64
		{31002B89-1EAA-469B-B496-174168B4BC58}.Ad-Hoc|Any CPU.Deploy.0 = Release|x64
		{31002B89-1EAA-469B-B496-174168B4BC58}.Ad-Hoc|ARM.ActiveCfg = Release|ARM
		{31002B89-1EAA-469B-B496-174168B4BC58}.Ad-Hoc|ARM.Build.0 = Release|ARM
		{31002B89-1EAA-469B-B496-174168B4BC58}.Ad-Hoc|ARM.Deploy.0 = Release|ARM
		{31002B89-1EAA-469B-B496-174168B4BC58}.Ad-Hoc|ARM64.ActiveCfg = Release|ARM64
		{31002B89-1EAA-469B-B496-174168B4BC58}.Ad-Hoc|ARM64.Build.0 = Release|ARM64
		{31002B89-1EAA-469B-B496-174168B4BC58}.Ad-Hoc|ARM64.Deploy.0 = Release|ARM64
		{31002B89-1EAA-469B-B496-174168B4BC58}.Ad-Hoc|iPhone.ActiveCfg = Release|x64
		{31002B89-1EAA-469B-B496-174168B4BC58}.Ad-Hoc|iPhone.Build.0 = Release|x64
		{31002B89-1EAA-469B-B496-174168B4BC58}.Ad-Hoc|iPhone.Deploy.0 = Release|x64
		{31002B89-1EAA-469B-B496-174168B4BC58}.Ad-Hoc|iPhoneSimulator.ActiveCfg = Release|x64
		{31002B89-1EAA-469B-B496-174168B4BC58}.Ad-Hoc|iPhoneSimulator.Build.0 = Release|x64
		{31002B89-1EAA-469B-B496-174168B4BC58}.Ad-Hoc|iPhoneSimulator.Deploy.0 = Release|x64
		{31002B89-1EAA-469B-B496-174168B4BC58}.Ad-Hoc|x64.ActiveCfg = Release|x64
		{31002B89-1EAA-469B-B496-174168B4BC58}.Ad-Hoc|x64.Build.0 = Release|x64
		{31002B89-1EAA-469B-B496-174168B4BC58}.Ad-Hoc|x64.Deploy.0 = Release|x64
		{31002B89-1EAA-469B-B496-174168B4BC58}.Ad-Hoc|x86.ActiveCfg = Release|x86
		{31002B89-1EAA-469B-B496-174168B4BC58}.Ad-Hoc|x86.Build.0 = Release|x86
		{31002B89-1EAA-469B-B496-174168B4BC58}.Ad-Hoc|x86.Deploy.0 = Release|x86
		{31002B89-1EAA-469B-B496-174168B4BC58}.AppStore|Any CPU.ActiveCfg = Release|x64
		{31002B89-1EAA-469B-B496-174168B4BC58}.AppStore|Any CPU.Build.0 = Release|x64
		{31002B89-1EAA-469B-B496-174168B4BC58}.AppStore|Any CPU.Deploy.0 = Release|x64
		{31002B89-1EAA-469B-B496-174168B4BC58}.AppStore|ARM.ActiveCfg = Release|ARM
		{31002B89-1EAA-469B-B496-174168B4BC58}.AppStore|ARM.Build.0 = Release|ARM
		{31002B89-1EAA-469B-B496-174168B4BC58}.AppStore|ARM.Deploy.0 = Release|ARM
		{31002B89-1EAA-469B-B496-174168B4BC58}.AppStore|ARM64.ActiveCfg = Release|ARM64
		{31002B89-1EAA-469B-B496-174168B4BC58}.AppStore|ARM64.Build.0 = Release|ARM64
		{31002B89-1EAA-469B-B496-174168B4BC58}.AppStore|ARM64.Deploy.0 = Release|ARM64
		{31002B89-1EAA-469B-B496-174168B4BC58}.AppStore|iPhone.ActiveCfg = Release|x64
		{31002B89-1EAA-469B-B496-174168B4BC58}.AppStore|iPhone.Build.0 = Release|x64
		{31002B89-1EAA-469B-B496-174168B4BC58}.AppStore|iPhone.Deploy.0 = Release|x64
		{31002B89-1EAA-469B-B496-174168B4BC58}.AppStore|iPhoneSimulator.ActiveCfg = Release|x64
		{31002B89-1EAA-469B-B496-174168B4BC58}.AppStore|iPhoneSimulator.Build.0 = Release|x64
		{31002B89-1EAA-469B-B496-174168B4BC58}.AppStore|iPhoneSimulator.Deploy.0 = Release|x64
		{31002B89-1EAA-469B-B496-174168B4BC58}.AppStore|x64.ActiveCfg = Release|x64
		{31002B89-1EAA-469B-B496-174168B4BC58}.AppStore|x64.Build.0 = Release|x64
		{31002B89-1EAA-469B-B496-174168B4BC58}.AppStore|x64.Deploy.0 = Release|x64
		{31002B89-1EAA-469B-B496-174168B4BC58}.AppStore|x86.ActiveCfg = Release|x86
		{31002B89-1EAA-469B-B496-174168B4BC58}.AppStore|x86.Build.0 = Release|x86
		{31002B89-1EAA-469B-B496-174168B4BC58}.AppStore|x86.Deploy.0 = Release|x86
		{31002B89-1EAA-469B-B496-174168B4BC58}.Debug|Any CPU.ActiveCfg = Debug|x86
		{31002B89-1EAA-469B-B496-174168B4BC58}.Debug|ARM.ActiveCfg = Debug|ARM
		{31002B89-1EAA-469B-B496-174168B4BC58}.Debug|ARM.Build.0 = Debug|ARM
		{31002B89-1EAA-469B-B496-174168B4BC58}.Debug|ARM.Deploy.0 = Debug|ARM
		{31002B89-1EAA-469B-B496-174168B4BC58}.Debug|ARM64.ActiveCfg = Debug|ARM64
		{31002B89-1EAA-469B-B496-174168B4BC58}.Debug|ARM64.Build.0 = Debug|ARM64
		{31002B89-1EAA-469B-B496-174168B4BC58}.Debug|ARM64.Deploy.0 = Debug|ARM64
		{31002B89-1EAA-469B-B496-174168B4BC58}.Debug|iPhone.ActiveCfg = Debug|x86
		{31002B89-1EAA-469B-B496-174168B4BC58}.Debug|iPhoneSimulator.ActiveCfg = Debug|x86
		{31002B89-1EAA-469B-B496-174168B4BC58}.Debug|x64.ActiveCfg = Debug|x64
		{31002B89-1EAA-469B-B496-174168B4BC58}.Debug|x64.Build.0 = Debug|x64
		{31002B89-1EAA-469B-B496-174168B4BC58}.Debug|x64.Deploy.0 = Debug|x64
		{31002B89-1EAA-469B-B496-174168B4BC58}.Debug|x86.ActiveCfg = Debug|x86
		{31002B89-1EAA-469B-B496-174168B4BC58}.Debug|x86.Build.0 = Debug|x86
		{31002B89-1EAA-469B-B496-174168B4BC58}.Debug|x86.Deploy.0 = Debug|x86
		{31002B89-1EAA-469B-B496-174168B4BC58}.Release|Any CPU.ActiveCfg = Release|x86
		{31002B89-1EAA-469B-B496-174168B4BC58}.Release|ARM.ActiveCfg = Release|ARM
		{31002B89-1EAA-469B-B496-174168B4BC58}.Release|ARM.Build.0 = Release|ARM
		{31002B89-1EAA-469B-B496-174168B4BC58}.Release|ARM.Deploy.0 = Release|ARM
		{31002B89-1EAA-469B-B496-174168B4BC58}.Release|ARM64.ActiveCfg = Release|ARM64
		{31002B89-1EAA-469B-B496-174168B4BC58}.Release|ARM64.Build.0 = Release|ARM64
		{31002B89-1EAA-469B-B496-174168B4BC58}.Release|ARM64.Deploy.0 = Release|ARM64
		{31002B89-1EAA-469B-B496-174168B4BC58}.Release|iPhone.ActiveCfg = Release|x86
		{31002B89-1EAA-469B-B496-174168B4BC58}.Release|iPhoneSimulator.ActiveCfg = Release|x86
		{31002B89-1EAA-469B-B496-174168B4BC58}.Release|x64.ActiveCfg = Release|x64
		{31002B89-1EAA-469B-B496-174168B4BC58}.Release|x64.Build.0 = Release|x64
		{31002B89-1EAA-469B-B496-174168B4BC58}.Release|x64.Deploy.0 = Release|x64
		{31002B89-1EAA-469B-B496-174168B4BC58}.Release|x86.ActiveCfg = Release|x86
		{31002B89-1EAA-469B-B496-174168B4BC58}.Release|x86.Build.0 = Release|x86
		{31002B89-1EAA-469B-B496-174168B4BC58}.Release|x86.Deploy.0 = Release|x86
	EndGlobalSection
	GlobalSection(SolutionProperties) = preSolution
		HideSolutionNode = FALSE
	EndGlobalSection
	GlobalSection(ExtensibilityGlobals) = postSolution
		SolutionGuid = {F6D05029-56B8-4E45-AF2D-0E76295DDBA2}
	EndGlobalSection
EndGlobal
